// !$*UTF8*$!
{
	archiveVersion = 1;
	classes = {
	};
	objectVersion = 50;
	objects = {

/* Begin PBXBuildFile section */
		3A93BDB725D85D9100E06B25 /* AppDelegate.swift in Sources */ = {isa = PBXBuildFile; fileRef = 3A93BDB625D85D9100E06B25 /* AppDelegate.swift */; };
		3A93BDB925D85D9100E06B25 /* SceneDelegate.swift in Sources */ = {isa = PBXBuildFile; fileRef = 3A93BDB825D85D9100E06B25 /* SceneDelegate.swift */; };
		3A93BDBB25D85D9100E06B25 /* ContentView.swift in Sources */ = {isa = PBXBuildFile; fileRef = 3A93BDBA25D85D9100E06B25 /* ContentView.swift */; };
		3A93BDBD25D85D9200E06B25 /* Assets.xcassets in Resources */ = {isa = PBXBuildFile; fileRef = 3A93BDBC25D85D9200E06B25 /* Assets.xcassets */; };
		3A93BDC025D85D9200E06B25 /* Preview Assets.xcassets in Resources */ = {isa = PBXBuildFile; fileRef = 3A93BDBF25D85D9200E06B25 /* Preview Assets.xcassets */; };
		3A93BDC325D85D9200E06B25 /* LaunchScreen.storyboard in Resources */ = {isa = PBXBuildFile; fileRef = 3A93BDC125D85D9200E06B25 /* LaunchScreen.storyboard */; };
		3A93BDCE25D85E6900E06B25 /* ModelData.swift in Sources */ = {isa = PBXBuildFile; fileRef = 3A93BDCD25D85E6900E06B25 /* ModelData.swift */; };
		3A93BDD025D85E7D00E06B25 /* Contact.swift in Sources */ = {isa = PBXBuildFile; fileRef = 3A93BDCF25D85E7D00E06B25 /* Contact.swift */; };
		3A93BDD225D85EEE00E06B25 /* ContactRow.swift in Sources */ = {isa = PBXBuildFile; fileRef = 3A93BDD125D85EEE00E06B25 /* ContactRow.swift */; };
		3A93BDD425D85F0800E06B25 /* ContactList.swift in Sources */ = {isa = PBXBuildFile; fileRef = 3A93BDD325D85F0800E06B25 /* ContactList.swift */; };
		3A93BDD625D85F2A00E06B25 /* covidContactData.json in Resources */ = {isa = PBXBuildFile; fileRef = 3A93BDD525D85F2A00E06B25 /* covidContactData.json */; };
		3A93BDD825D8650800E06B25 /* CircleImage.swift in Sources */ = {isa = PBXBuildFile; fileRef = 3A93BDD725D8650800E06B25 /* CircleImage.swift */; };
		3A93BDDC25D8A93500E06B25 /* ContactDetail.swift in Sources */ = {isa = PBXBuildFile; fileRef = 3A93BDDB25D8A93500E06B25 /* ContactDetail.swift */; };
/* End PBXBuildFile section */

/* Begin PBXFileReference section */
		3A93BDB325D85D9100E06B25 /* MAD257Module4ContactTracing.app */ = {isa = PBXFileReference; explicitFileType = wrapper.application; includeInIndex = 0; path = MAD257Module4ContactTracing.app; sourceTree = BUILT_PRODUCTS_DIR; };
		3A93BDB625D85D9100E06B25 /* AppDelegate.swift */ = {isa = PBXFileReference; lastKnownFileType = sourcecode.swift; path = AppDelegate.swift; sourceTree = "<group>"; };
		3A93BDB825D85D9100E06B25 /* SceneDelegate.swift */ = {isa = PBXFileReference; lastKnownFileType = sourcecode.swift; path = SceneDelegate.swift; sourceTree = "<group>"; };
		3A93BDBA25D85D9100E06B25 /* ContentView.swift */ = {isa = PBXFileReference; lastKnownFileType = sourcecode.swift; path = ContentView.swift; sourceTree = "<group>"; };
		3A93BDBC25D85D9200E06B25 /* Assets.xcassets */ = {isa = PBXFileReference; lastKnownFileType = folder.assetcatalog; path = Assets.xcassets; sourceTree = "<group>"; };
		3A93BDBF25D85D9200E06B25 /* Preview Assets.xcassets */ = {isa = PBXFileReference; lastKnownFileType = folder.assetcatalog; path = "Preview Assets.xcassets"; sourceTree = "<group>"; };
		3A93BDC225D85D9200E06B25 /* Base */ = {isa = PBXFileReference; lastKnownFileType = file.storyboard; name = Base; path = Base.lproj/LaunchScreen.storyboard; sourceTree = "<group>"; };
		3A93BDC425D85D9200E06B25 /* Info.plist */ = {isa = PBXFileReference; lastKnownFileType = text.plist.xml; path = Info.plist; sourceTree = "<group>"; };
		3A93BDCD25D85E6900E06B25 /* ModelData.swift */ = {isa = PBXFileReference; lastKnownFileType = sourcecode.swift; path = ModelData.swift; sourceTree = "<group>"; };
		3A93BDCF25D85E7D00E06B25 /* Contact.swift */ = {isa = PBXFileReference; lastKnownFileType = sourcecode.swift; path = Contact.swift; sourceTree = "<group>"; };
		3A93BDD125D85EEE00E06B25 /* ContactRow.swift */ = {isa = PBXFileReference; lastKnownFileType = sourcecode.swift; path = ContactRow.swift; sourceTree = "<group>"; };
		3A93BDD325D85F0800E06B25 /* ContactList.swift */ = {isa = PBXFileReference; lastKnownFileType = sourcecode.swift; path = ContactList.swift; sourceTree = "<group>"; };
		3A93BDD525D85F2A00E06B25 /* covidContactData.json */ = {isa = PBXFileReference; fileEncoding = 4; lastKnownFileType = text.json; path = covidContactData.json; sourceTree = "<group>"; };
		3A93BDD725D8650800E06B25 /* CircleImage.swift */ = {isa = PBXFileReference; lastKnownFileType = sourcecode.swift; path = CircleImage.swift; sourceTree = "<group>"; };
		3A93BDDB25D8A93500E06B25 /* ContactDetail.swift */ = {isa = PBXFileReference; lastKnownFileType = sourcecode.swift; path = ContactDetail.swift; sourceTree = "<group>"; };
/* End PBXFileReference section */

/* Begin PBXFrameworksBuildPhase section */
		3A93BDB025D85D9100E06B25 /* Frameworks */ = {
			isa = PBXFrameworksBuildPhase;
			buildActionMask = 2147483647;
			files = (
			);
			runOnlyForDeploymentPostprocessing = 0;
		};
/* End PBXFrameworksBuildPhase section */

/* Begin PBXGroup section */
		3A93BDAA25D85D9100E06B25 = {
			isa = PBXGroup;
			children = (
				3A93BDB525D85D9100E06B25 /* MAD257Module4ContactTracing */,
				3A93BDB425D85D9100E06B25 /* Products */,
			);
			sourceTree = "<group>";
		};
		3A93BDB425D85D9100E06B25 /* Products */ = {
			isa = PBXGroup;
			children = (
				3A93BDB325D85D9100E06B25 /* MAD257Module4ContactTracing.app */,
			);
			name = Products;
			sourceTree = "<group>";
		};
		3A93BDB525D85D9100E06B25 /* MAD257Module4ContactTracing */ = {
			isa = PBXGroup;
			children = (
				3A93BDCA25D85DBB00E06B25 /* Views */,
				3A93BDCB25D85DC900E06B25 /* Models */,
				3A93BDCC25D85DE400E06B25 /* Resources */,
				3A93BDB625D85D9100E06B25 /* AppDelegate.swift */,
				3A93BDB825D85D9100E06B25 /* SceneDelegate.swift */,
				3A93BDBC25D85D9200E06B25 /* Assets.xcassets */,
				3A93BDC125D85D9200E06B25 /* LaunchScreen.storyboard */,
				3A93BDC425D85D9200E06B25 /* Info.plist */,
				3A93BDD525D85F2A00E06B25 /* covidContactData.json */,
				3A93BDBE25D85D9200E06B25 /* Preview Content */,
			);
			path = MAD257Module4ContactTracing;
			sourceTree = "<group>";
		};
		3A93BDBE25D85D9200E06B25 /* Preview Content */ = {
			isa = PBXGroup;
			children = (
				3A93BDBF25D85D9200E06B25 /* Preview Assets.xcassets */,
			);
			path = "Preview Content";
			sourceTree = "<group>";
		};
		3A93BDCA25D85DBB00E06B25 /* Views */ = {
			isa = PBXGroup;
			children = (
				3A93BDBA25D85D9100E06B25 /* ContentView.swift */,
				3A93BDD125D85EEE00E06B25 /* ContactRow.swift */,
				3A93BDD325D85F0800E06B25 /* ContactList.swift */,
				3A93BDD725D8650800E06B25 /* CircleImage.swift */,
				3A93BDDB25D8A93500E06B25 /* ContactDetail.swift */,
			);
			path = Views;
			sourceTree = "<group>";
		};
		3A93BDCB25D85DC900E06B25 /* Models */ = {
			isa = PBXGroup;
			children = (
				3A93BDCD25D85E6900E06B25 /* ModelData.swift */,
				3A93BDCF25D85E7D00E06B25 /* Contact.swift */,
			);
			path = Models;
			sourceTree = "<group>";
		};
		3A93BDCC25D85DE400E06B25 /* Resources */ = {
			isa = PBXGroup;
			children = (
			);
			path = Resources;
			sourceTree = "<group>";
		};
/* End PBXGroup section */

/* Begin PBXNativeTarget section */
		3A93BDB225D85D9100E06B25 /* MAD257Module4ContactTracing */ = {
			isa = PBXNativeTarget;
			buildConfigurationList = 3A93BDC725D85D9200E06B25 /* Build configuration list for PBXNativeTarget "MAD257Module4ContactTracing" */;
			buildPhases = (
				3A93BDAF25D85D9100E06B25 /* Sources */,
				3A93BDB025D85D9100E06B25 /* Frameworks */,
				3A93BDB125D85D9100E06B25 /* Resources */,
			);
			buildRules = (
			);
			dependencies = (
			);
			name = MAD257Module4ContactTracing;
			productName = MAD257Module4ContactTracing;
			productReference = 3A93BDB325D85D9100E06B25 /* MAD257Module4ContactTracing.app */;
			productType = "com.apple.product-type.application";
		};
/* End PBXNativeTarget section */

/* Begin PBXProject section */
		3A93BDAB25D85D9100E06B25 /* Project object */ = {
			isa = PBXProject;
			attributes = {
				LastSwiftUpdateCheck = 1160;
				LastUpgradeCheck = 1160;
				ORGANIZATIONNAME = "TygerMatrix Software";
				TargetAttributes = {
					3A93BDB225D85D9100E06B25 = {
						CreatedOnToolsVersion = 11.6;
					};
				};
			};
			buildConfigurationList = 3A93BDAE25D85D9100E06B25 /* Build configuration list for PBXProject "MAD257Module4ContactTracing" */;
			compatibilityVersion = "Xcode 9.3";
			developmentRegion = en;
			hasScannedForEncodings = 0;
			knownRegions = (
				en,
				Base,
			);
			mainGroup = 3A93BDAA25D85D9100E06B25;
			productRefGroup = 3A93BDB425D85D9100E06B25 /* Products */;
			projectDirPath = "";
			projectRoot = "";
			targets = (
				3A93BDB225D85D9100E06B25 /* MAD257Module4ContactTracing */,
			);
		};
/* End PBXProject section */

/* Begin PBXResourcesBuildPhase section */
		3A93BDB125D85D9100E06B25 /* Resources */ = {
			isa = PBXResourcesBuildPhase;
			buildActionMask = 2147483647;
			files = (
				3A93BDD625D85F2A00E06B25 /* covidContactData.json in Resources */,
				3A93BDC325D85D9200E06B25 /* LaunchScreen.storyboard in Resources */,
				3A93BDC025D85D9200E06B25 /* Preview Assets.xcassets in Resources */,
				3A93BDBD25D85D9200E06B25 /* Assets.xcassets in Resources */,
			);
			runOnlyForDeploymentPostprocessing = 0;
		};
/* End PBXResourcesBuildPhase section */

/* Begin PBXSourcesBuildPhase section */
		3A93BDAF25D85D9100E06B25 /* Sources */ = {
			isa = PBXSourcesBuildPhase;
			buildActionMask = 2147483647;
			files = (
				3A93BDB725D85D9100E06B25 /* AppDelegate.swift in Sources */,
				3A93BDD825D8650800E06B25 /* CircleImage.swift in Sources */,
				3A93BDCE25D85E6900E06B25 /* ModelData.swift in Sources */,
				3A93BDD025D85E7D00E06B25 /* Contact.swift in Sources */,
				3A93BDDC25D8A93500E06B25 /* ContactDetail.swift in Sources */,
				3A93BDB925D85D9100E06B25 /* SceneDelegate.swift in Sources */,
				3A93BDD425D85F0800E06B25 /* ContactList.swift in Sources */,
				3A93BDBB25D85D9100E06B25 /* ContentView.swift in Sources */,
				3A93BDD225D85EEE00E06B25 /* ContactRow.swift in Sources */,
			);
			runOnlyForDeploymentPostprocessing = 0;
		};
/* End PBXSourcesBuildPhase section */

/* Begin PBXVariantGroup section */
		3A93BDC125D85D9200E06B25 /* LaunchScreen.storyboard */ = {
			isa = PBXVariantGroup;
			children = (
				3A93BDC225D85D9200E06B25 /* Base */,
			);
			name = LaunchScreen.storyboard;
			sourceTree = "<group>";
		};
/* End PBXVariantGroup section */

/* Begin XCBuildConfiguration section */
		3A93BDC525D85D9200E06B25 /* Debug */ = {
			isa = XCBuildConfiguration;
			buildSettings = {
				ALWAYS_SEARCH_USER_PATHS = NO;
				CLANG_ANALYZER_NONNULL = YES;
				CLANG_ANALYZER_NUMBER_OBJECT_CONVERSION = YES_AGGRESSIVE;
				CLANG_CXX_LANGUAGE_STANDARD = "gnu++14";
				CLANG_CXX_LIBRARY = "libc++";
				CLANG_ENABLE_MODULES = YES;
				CLANG_ENABLE_OBJC_ARC = YES;
				CLANG_ENABLE_OBJC_WEAK = YES;
				CLANG_WARN_BLOCK_CAPTURE_AUTORELEASING = YES;
				CLANG_WARN_BOOL_CONVERSION = YES;
				CLANG_WARN_COMMA = YES;
				CLANG_WARN_CONSTANT_CONVERSION = YES;
				CLANG_WARN_DEPRECATED_OBJC_IMPLEMENTATIONS = YES;
				CLANG_WARN_DIRECT_OBJC_ISA_USAGE = YES_ERROR;
				CLANG_WARN_DOCUMENTATION_COMMENTS = YES;
				CLANG_WARN_EMPTY_BODY = YES;
				CLANG_WARN_ENUM_CONVERSION = YES;
				CLANG_WARN_INFINITE_RECURSION = YES;
				CLANG_WARN_INT_CONVERSION = YES;
				CLANG_WARN_NON_LITERAL_NULL_CONVERSION = YES;
				CLANG_WARN_OBJC_IMPLICIT_RETAIN_SELF = YES;
				CLANG_WARN_OBJC_LITERAL_CONVERSION = YES;
				CLANG_WARN_OBJC_ROOT_CLASS = YES_ERROR;
				CLANG_WARN_RANGE_LOOP_ANALYSIS = YES;
				CLANG_WARN_STRICT_PROTOTYPES = YES;
				CLANG_WARN_SUSPICIOUS_MOVE = YES;
				CLANG_WARN_UNGUARDED_AVAILABILITY = YES_AGGRESSIVE;
				CLANG_WARN_UNREACHABLE_CODE = YES;
				CLANG_WARN__DUPLICATE_METHOD_MATCH = YES;
				COPY_PHASE_STRIP = NO;
				DEBUG_INFORMATION_FORMAT = dwarf;
				ENABLE_STRICT_OBJC_MSGSEND = YES;
				ENABLE_TESTABILITY = YES;
				GCC_C_LANGUAGE_STANDARD = gnu11;
				GCC_DYNAMIC_NO_PIC = NO;
				GCC_NO_COMMON_BLOCKS = YES;
				GCC_OPTIMIZATION_LEVEL = 0;
				GCC_PREPROCESSOR_DEFINITIONS = (
					"DEBUG=1",
					"$(inherited)",
				);
				GCC_WARN_64_TO_32_BIT_CONVERSION = YES;
				GCC_WARN_ABOUT_RETURN_TYPE = YES_ERROR;
				GCC_WARN_UNDECLARED_SELECTOR = YES;
				GCC_WARN_UNINITIALIZED_AUTOS = YES_AGGRESSIVE;
				GCC_WARN_UNUSED_FUNCTION = YES;
				GCC_WARN_UNUSED_VARIABLE = YES;
				IPHONEOS_DEPLOYMENT_TARGET = 13.6;
				MTL_ENABLE_DEBUG_INFO = INCLUDE_SOURCE;
				MTL_FAST_MATH = YES;
				ONLY_ACTIVE_ARCH = YES;
				SDKROOT = iphoneos;
				SWIFT_ACTIVE_COMPILATION_CONDITIONS = DEBUG;
				SWIFT_OPTIMIZATION_LEVEL = "-Onone";
			};
			name = Debug;
		};
		3A93BDC625D85D9200E06B25 /* Release */ = {
			isa = XCBuildConfiguration;
			buildSettings = {
				ALWAYS_SEARCH_USER_PATHS = NO;
				CLANG_ANALYZER_NONNULL = YES;
				CLANG_ANALYZER_NUMBER_OBJECT_CONVERSION = YES_AGGRESSIVE;
				CLANG_CXX_LANGUAGE_STANDARD = "gnu++14";
				CLANG_CXX_LIBRARY = "libc++";
				CLANG_ENABLE_MODULES = YES;
				CLANG_ENABLE_OBJC_ARC = YES;
				CLANG_ENABLE_OBJC_WEAK = YES;
				CLANG_WARN_BLOCK_CAPTURE_AUTORELEASING = YES;
				CLANG_WARN_BOOL_CONVERSION = YES;
				CLANG_WARN_COMMA = YES;
				CLANG_WARN_CONSTANT_CONVERSION = YES;
				CLANG_WARN_DEPRECATED_OBJC_IMPLEMENTATIONS = YES;
				CLANG_WARN_DIRECT_OBJC_ISA_USAGE = YES_ERROR;
				CLANG_WARN_DOCUMENTATION_COMMENTS = YES;
				CLANG_WARN_EMPTY_BODY = YES;
				CLANG_WARN_ENUM_CONVERSION = YES;
				CLANG_WARN_INFINITE_RECURSION = YES;
				CLANG_WARN_INT_CONVERSION = YES;
				CLANG_WARN_NON_LITERAL_NULL_CONVERSION = YES;
				CLANG_WARN_OBJC_IMPLICIT_RETAIN_SELF = YES;
				CLANG_WARN_OBJC_LITERAL_CONVERSION = YES;
				CLANG_WARN_OBJC_ROOT_CLASS = YES_ERROR;
				CLANG_WARN_RANGE_LOOP_ANALYSIS = YES;
				CLANG_WARN_STRICT_PROTOTYPES = YES;
				CLANG_WARN_SUSPICIOUS_MOVE = YES;
				CLANG_WARN_UNGUARDED_AVAILABILITY = YES_AGGRESSIVE;
				CLANG_WARN_UNREACHABLE_CODE = YES;
				CLANG_WARN__DUPLICATE_METHOD_MATCH = YES;
				COPY_PHASE_STRIP = NO;
				DEBUG_INFORMATION_FORMAT = "dwarf-with-dsym";
				ENABLE_NS_ASSERTIONS = NO;
				ENABLE_STRICT_OBJC_MSGSEND = YES;
				GCC_C_LANGUAGE_STANDARD = gnu11;
				GCC_NO_COMMON_BLOCKS = YES;
				GCC_WARN_64_TO_32_BIT_CONVERSION = YES;
				GCC_WARN_ABOUT_RETURN_TYPE = YES_ERROR;
				GCC_WARN_UNDECLARED_SELECTOR = YES;
				GCC_WARN_UNINITIALIZED_AUTOS = YES_AGGRESSIVE;
				GCC_WARN_UNUSED_FUNCTION = YES;
				GCC_WARN_UNUSED_VARIABLE = YES;
				IPHONEOS_DEPLOYMENT_TARGET = 13.6;
				MTL_ENABLE_DEBUG_INFO = NO;
				MTL_FAST_MATH = YES;
				SDKROOT = iphoneos;
				SWIFT_COMPILATION_MODE = wholemodule;
				SWIFT_OPTIMIZATION_LEVEL = "-O";
				VALIDATE_PRODUCT = YES;
			};
			name = Release;
		};
		3A93BDC825D85D9200E06B25 /* Debug */ = {
			isa = XCBuildConfiguration;
			buildSettings = {
				ASSETCATALOG_COMPILER_APPICON_NAME = AppIcon;
				CODE_SIGN_STYLE = Automatic;
				DEVELOPMENT_ASSET_PATHS = "\"MAD257Module4ContactTracing/Preview Content\"";
				DEVELOPMENT_TEAM = JQ4QUUYZ53;
				ENABLE_PREVIEWS = YES;
				INFOPLIST_FILE = MAD257Module4ContactTracing/Info.plist;
				LD_RUNPATH_SEARCH_PATHS = (
					"$(inherited)",
					"@executable_path/Frameworks",
				);
				PRODUCT_BUNDLE_IDENTIFIER = com.TygerMatrix.MAD257Module4ContactTracing;
				PRODUCT_NAME = "$(TARGET_NAME)";
				SWIFT_VERSION = 5.0;
				TARGETED_DEVICE_FAMILY = "1,2";
			};
			name = Debug;
		};
		3A93BDC925D85D9200E06B25 /* Release */ = {
			isa = XCBuildConfiguration;
			buildSettings = {
				ASSETCATALOG_COMPILER_APPICON_NAME = AppIcon;
				CODE_SIGN_STYLE = Automatic;
				DEVELOPMENT_ASSET_PATHS = "\"MAD257Module4ContactTracing/Preview Content\"";
				DEVELOPMENT_TEAM = JQ4QUUYZ53;
				ENABLE_PREVIEWS = YES;
				INFOPLIST_FILE = MAD257Module4ContactTracing/Info.plist;
				LD_RUNPATH_SEARCH_PATHS = (
					"$(inherited)",
					"@executable_path/Frameworks",
				);
				PRODUCT_BUNDLE_IDENTIFIER = com.TygerMatrix.MAD257Module4ContactTracing;
				PRODUCT_NAME = "$(TARGET_NAME)";
				SWIFT_VERSION = 5.0;
				TARGETED_DEVICE_FAMILY = "1,2";
			};
			name = Release;
		};
/* End XCBuildConfiguration section */

/* Begin XCConfigurationList section */
		3A93BDAE25D85D9100E06B25 /* Build configuration list for PBXProject "MAD257Module4ContactTracing" */ = {
			isa = XCConfigurationList;
			buildConfigurations = (
				3A93BDC525D85D9200E06B25 /* Debug */,
				3A93BDC625D85D9200E06B25 /* Release */,
			);
			defaultConfigurationIsVisible = 0;
			defaultConfigurationName = Release;
		};
		3A93BDC725D85D9200E06B25 /* Build configuration list for PBXNativeTarget "MAD257Module4ContactTracing" */ = {
			isa = XCConfigurationList;
			buildConfigurations = (
				3A93BDC825D85D9200E06B25 /* Debug */,
				3A93BDC925D85D9200E06B25 /* Release */,
			);
			defaultConfigurationIsVisible = 0;
			defaultConfigurationName = Release;
		};
/* End XCConfigurationList section */
	};
	rootObject = 3A93BDAB25D85D9100E06B25 /* Project object */;
}
